// !$*UTF8*$!
{
	archiveVersion = 1;
	classes = {
	};
	objectVersion = 46;
	objects = {

/* Begin PBXBuildFile section */
		32A4F02021D9EFC10027A56C /* AppDelegate.swift in Sources */ = {isa = PBXBuildFile; fileRef = 32A4F01F21D9EFC10027A56C /* AppDelegate.swift */; };
		32A4F02521D9EFC10027A56C /* Main.storyboard in Resources */ = {isa = PBXBuildFile; fileRef = 32A4F02321D9EFC10027A56C /* Main.storyboard */; };
		32A4F02721D9EFC10027A56C /* Assets.xcassets in Resources */ = {isa = PBXBuildFile; fileRef = 32A4F02621D9EFC10027A56C /* Assets.xcassets */; };
		32A4F02A21D9EFC10027A56C /* LaunchScreen.storyboard in Resources */ = {isa = PBXBuildFile; fileRef = 32A4F02821D9EFC10027A56C /* LaunchScreen.storyboard */; };
/* End PBXBuildFile section */

/* Begin PBXFileReference section */
		32A4F01C21D9EFC10027A56C /* elevator.app */ = {isa = PBXFileReference; explicitFileType = wrapper.application; includeInIndex = 0; path = elevator.app; sourceTree = BUILT_PRODUCTS_DIR; };
		32A4F01F21D9EFC10027A56C /* AppDelegate.swift */ = {isa = PBXFileReference; lastKnownFileType = sourcecode.swift; path = AppDelegate.swift; sourceTree = "<group>"; };
		32A4F02421D9EFC10027A56C /* Base */ = {isa = PBXFileReference; lastKnownFileType = file.storyboard; name = Base; path = Base.lproj/Main.storyboard; sourceTree = "<group>"; };
		32A4F02621D9EFC10027A56C /* Assets.xcassets */ = {isa = PBXFileReference; lastKnownFileType = folder.assetcatalog; path = Assets.xcassets; sourceTree = "<group>"; };
		32A4F02921D9EFC10027A56C /* Base */ = {isa = PBXFileReference; lastKnownFileType = file.storyboard; name = Base; path = Base.lproj/LaunchScreen.storyboard; sourceTree = "<group>"; };
		32A4F02B21D9EFC10027A56C /* Info.plist */ = {isa = PBXFileReference; lastKnownFileType = text.plist.xml; path = Info.plist; sourceTree = "<group>"; };
/* End PBXFileReference section */

/* Begin PBXFrameworksBuildPhase section */
		32A4F01921D9EFC10027A56C /* Frameworks */ = {
			isa = PBXFrameworksBuildPhase;
			buildActionMask = 2147483647;
			files = (
			);
			runOnlyForDeploymentPostprocessing = 0;
		};
/* End PBXFrameworksBuildPhase section */

/* Begin PBXGroup section */
		32A4F01321D9EFC10027A56C = {
			isa = PBXGroup;
			children = (
				32A4F01E21D9EFC10027A56C /* elevator */,
				32A4F01D21D9EFC10027A56C /* Products */,
			);
			sourceTree = "<group>";
		};
		32A4F01D21D9EFC10027A56C /* Products */ = {
			isa = PBXGroup;
			children = (
				32A4F01C21D9EFC10027A56C /* elevator.app */,
			);
			name = Products;
			sourceTree = "<group>";
		};
		32A4F01E21D9EFC10027A56C /* elevator */ = {
			isa = PBXGroup;
			children = (
				32A4F01F21D9EFC10027A56C /* AppDelegate.swift */,
				32A4F03121D9F1360027A56C /* classes */,
				32A4F02321D9EFC10027A56C /* Main.storyboard */,
				32A4F02621D9EFC10027A56C /* Assets.xcassets */,
				32A4F02821D9EFC10027A56C /* LaunchScreen.storyboard */,
				32A4F02B21D9EFC10027A56C /* Info.plist */,
			);
			path = elevator;
			sourceTree = "<group>";
		};
		32A4F03121D9F1360027A56C /* classes */ = {
			isa = PBXGroup;
			children = (
				32A4F03221D9F1360027A56C /* home */,
				32A4F03321D9F1360027A56C /* main */,
				32A4F03421D9F1360027A56C /* profile */,
				32A4F03521D9F1360027A56C /* tools */,
			);
			path = classes;
			sourceTree = "<group>";
		};
		32A4F03221D9F1360027A56C /* home */ = {
			isa = PBXGroup;
			children = (
			);
			path = home;
			sourceTree = "<group>";
		};
		32A4F03321D9F1360027A56C /* main */ = {
			isa = PBXGroup;
			children = (
			);
			path = main;
			sourceTree = "<group>";
		};
		32A4F03421D9F1360027A56C /* profile */ = {
			isa = PBXGroup;
			children = (
			);
			path = profile;
			sourceTree = "<group>";
		};
		32A4F03521D9F1360027A56C /* tools */ = {
			isa = PBXGroup;
			children = (
			);
			path = tools;
			sourceTree = "<group>";
		};
/* End PBXGroup section */

/* Begin PBXNativeTarget section */
		32A4F01B21D9EFC10027A56C /* elevator */ = {
			isa = PBXNativeTarget;
			buildConfigurationList = 32A4F02E21D9EFC10027A56C /* Build configuration list for PBXNativeTarget "elevator" */;
			buildPhases = (
				32A4F01821D9EFC10027A56C /* Sources */,
				32A4F01921D9EFC10027A56C /* Frameworks */,
				32A4F01A21D9EFC10027A56C /* Resources */,
			);
			buildRules = (
			);
			dependencies = (
			);
			name = elevator;
			productName = elevator;
			productReference = 32A4F01C21D9EFC10027A56C /* elevator.app */;
			productType = "com.apple.product-type.application";
		};
/* End PBXNativeTarget section */

/* Begin PBXProject section */
		32A4F01421D9EFC10027A56C /* Project object */ = {
			isa = PBXProject;
			attributes = {
				LastSwiftUpdateCheck = 0720;
				LastUpgradeCheck = 0720;
				ORGANIZATIONNAME = "michelle flower";
				TargetAttributes = {
					32A4F01B21D9EFC10027A56C = {
						CreatedOnToolsVersion = 7.2;
					};
				};
			};
			buildConfigurationList = 32A4F01721D9EFC10027A56C /* Build configuration list for PBXProject "elevator" */;
			compatibilityVersion = "Xcode 3.2";
			developmentRegion = English;
			hasScannedForEncodings = 0;
			knownRegions = (
				en,
				Base,
			);
			mainGroup = 32A4F01321D9EFC10027A56C;
			productRefGroup = 32A4F01D21D9EFC10027A56C /* Products */;
			projectDirPath = "";
			projectRoot = "";
			targets = (
				32A4F01B21D9EFC10027A56C /* elevator */,
			);
		};
/* End PBXProject section */

/* Begin PBXResourcesBuildPhase section */
		32A4F01A21D9EFC10027A56C /* Resources */ = {
			isa = PBXResourcesBuildPhase;
			buildActionMask = 2147483647;
			files = (
				32A4F02A21D9EFC10027A56C /* LaunchScreen.storyboard in Resources */,
				32A4F02721D9EFC10027A56C /* Assets.xcassets in Resources */,
				32A4F02521D9EFC10027A56C /* Main.storyboard in Resources */,
			);
			runOnlyForDeploymentPostprocessing = 0;
		};
/* End PBXResourcesBuildPhase section */

/* Begin PBXSourcesBuildPhase section */
		32A4F01821D9EFC10027A56C /* Sources */ = {
			isa = PBXSourcesBuildPhase;
			buildActionMask = 2147483647;
			files = (
				32A4F02021D9EFC10027A56C /* AppDelegate.swift in Sources */,
			);
			runOnlyForDeploymentPostprocessing = 0;
		};
/* End PBXSourcesBuildPhase section */

/* Begin PBXVariantGroup section */
		32A4F02321D9EFC10027A56C /* Main.storyboard */ = {
			isa = PBXVariantGroup;
			children = (
				32A4F02421D9EFC10027A56C /* Base */,
			);
			name = Main.storyboard;
			sourceTree = "<group>";
		};
		32A4F02821D9EFC10027A56C /* LaunchScreen.storyboard */ = {
			isa = PBXVariantGroup;
			children = (
				32A4F02921D9EFC10027A56C /* Base */,
			);
			name = LaunchScreen.storyboard;
			sourceTree = "<group>";
		};
/* End PBXVariantGroup section */

/* Begin XCBuildConfiguration section */
		32A4F02C21D9EFC10027A56C /* Debug */ = {
			isa = XCBuildConfiguration;
			buildSettings = {
				ALWAYS_SEARCH_USER_PATHS = NO;
				CLANG_CXX_LANGUAGE_STANDARD = "gnu++0x";
				CLANG_CXX_LIBRARY = "libc++";
				CLANG_ENABLE_MODULES = YES;
				CLANG_ENABLE_OBJC_ARC = YES;
				CLANG_WARN_BOOL_CONVERSION = YES;
				CLANG_WARN_CONSTANT_CONVERSION = YES;
				CLANG_WARN_DIRECT_OBJC_ISA_USAGE = YES_ERROR;
				CLANG_WARN_EMPTY_BODY = YES;
				CLANG_WARN_ENUM_CONVERSION = YES;
				CLANG_WARN_INT_CONVERSION = YES;
				CLANG_WARN_OBJC_ROOT_CLASS = YES_ERROR;
				CLANG_WARN_UNREACHABLE_CODE = YES;
				CLANG_WARN__DUPLICATE_METHOD_MATCH = YES;
				"CODE_SIGN_IDENTITY[sdk=iphoneos*]" = "iPhone Developer";
				COPY_PHASE_STRIP = NO;
				DEBUG_INFORMATION_FORMAT = dwarf;
				ENABLE_STRICT_OBJC_MSGSEND = YES;
				ENABLE_TESTABILITY = YES;
				GCC_C_LANGUAGE_STANDARD = gnu99;
				GCC_DYNAMIC_NO_PIC = NO;
				GCC_NO_COMMON_BLOCKS = YES;
				GCC_OPTIMIZATION_LEVEL = 0;
				GCC_PREPROCESSOR_DEFINITIONS = (
					"DEBUG=1",
					"$(inherited)",
				);
				GCC_WARN_64_TO_32_BIT_CONVERSION = YES;
				GCC_WARN_ABOUT_RETURN_TYPE = YES_ERROR;
				GCC_WARN_UNDECLARED_SELECTOR = YES;
				GCC_WARN_UNINITIALIZED_AUTOS = YES_AGGRESSIVE;
				GCC_WARN_UNUSED_FUNCTION = YES;
				GCC_WARN_UNUSED_VARIABLE = YES;
				IPHONEOS_DEPLOYMENT_TARGET = 9.2;
				MTL_ENABLE_DEBUG_INFO = YES;
				ONLY_ACTIVE_ARCH = YES;
				SDKROOT = iphoneos;
				SWIFT_OPTIMIZATION_LEVEL = "-Onone";
			};
			name = Debug;
		};
		32A4F02D21D9EFC10027A56C /* Release */ = {
			isa = XCBuildConfiguration;
			buildSettings = {
				ALWAYS_SEARCH_USER_PATHS = NO;
				CLANG_CXX_LANGUAGE_STANDARD = "gnu++0x";
				CLANG_CXX_LIBRARY = "libc++";
				CLANG_ENABLE_MODULES = YES;
				CLANG_ENABLE_OBJC_ARC = YES;
				CLANG_WARN_BOOL_CONVERSION = YES;
				CLANG_WARN_CONSTANT_CONVERSION = YES;
				CLANG_WARN_DIRECT_OBJC_ISA_USAGE = YES_ERROR;
				CLANG_WARN_EMPTY_BODY = YES;
				CLANG_WARN_ENUM_CONVERSION = YES;
				CLANG_WARN_INT_CONVERSION = YES;
				CLANG_WARN_OBJC_ROOT_CLASS = YES_ERROR;
				CLANG_WARN_UNREACHABLE_CODE = YES;
				CLANG_WARN__DUPLICATE_METHOD_MATCH = YES;
				"CODE_SIGN_IDENTITY[sdk=iphoneos*]" = "iPhone Developer";
				COPY_PHASE_STRIP = NO;
				DEBUG_INFORMATION_FORMAT = "dwarf-with-dsym";
				ENABLE_NS_ASSERTIONS = NO;
				ENABLE_STRICT_OBJC_MSGSEND = YES;
				GCC_C_LANGUAGE_STANDARD = gnu99;
				GCC_NO_COMMON_BLOCKS = YES;
				GCC_WARN_64_TO_32_BIT_CONVERSION = YES;
				GCC_WARN_ABOUT_RETURN_TYPE = YES_ERROR;
				GCC_WARN_UNDECLARED_SELECTOR = YES;
				GCC_WARN_UNINITIALIZED_AUTOS = YES_AGGRESSIVE;
				GCC_WARN_UNUSED_FUNCTION = YES;
				GCC_WARN_UNUSED_VARIABLE = YES;
				IPHONEOS_DEPLOYMENT_TARGET = 9.2;
				MTL_ENABLE_DEBUG_INFO = NO;
				SDKROOT = iphoneos;
				VALIDATE_PRODUCT = YES;
			};
			name = Release;
		};
		32A4F02F21D9EFC10027A56C /* Debug */ = {
			isa = XCBuildConfiguration;
			buildSettings = {
				ASSETCATALOG_COMPILER_APPICON_NAME = AppIcon;
				ASSETCATALOG_COMPILER_LAUNCHIMAGE_NAME = "Brand Assets";
				INFOPLIST_FILE = elevator/Info.plist;
				IPHONEOS_DEPLOYMENT_TARGET = 9.0;
				LD_RUNPATH_SEARCH_PATHS = "$(inherited) @executable_path/Frameworks";
				PRODUCT_BUNDLE_IDENTIFIER = com.seu.elevator;
				PRODUCT_NAME = "$(TARGET_NAME)";
			};
			name = Debug;
		};
		32A4F03021D9EFC10027A56C /* Release */ = {
			isa = XCBuildConfiguration;
			buildSettings = {
				ASSETCATALOG_COMPILER_APPICON_NAME = AppIcon;
				ASSETCATALOG_COMPILER_LAUNCHIMAGE_NAME = "Brand Assets";
				INFOPLIST_FILE = elevator/Info.plist;
				IPHONEOS_DEPLOYMENT_TARGET = 9.0;
				LD_RUNPATH_SEARCH_PATHS = "$(inherited) @executable_path/Frameworks";
				PRODUCT_BUNDLE_IDENTIFIER = com.seu.elevator;
				PRODUCT_NAME = "$(TARGET_NAME)";
			};
			name = Release;
		};
/* End XCBuildConfiguration section */

/* Begin XCConfigurationList section */
		32A4F01721D9EFC10027A56C /* Build configuration list for PBXProject "elevator" */ = {
			isa = XCConfigurationList;
			buildConfigurations = (
				32A4F02C21D9EFC10027A56C /* Debug */,
				32A4F02D21D9EFC10027A56C /* Release */,
			);
			defaultConfigurationIsVisible = 0;
			defaultConfigurationName = Release;
		};
		32A4F02E21D9EFC10027A56C /* Build configuration list for PBXNativeTarget "elevator" */ = {
			isa = XCConfigurationList;
			buildConfigurations = (
				32A4F02F21D9EFC10027A56C /* Debug */,
				32A4F03021D9EFC10027A56C /* Release */,
			);
			defaultConfigurationIsVisible = 0;
		};
/* End XCConfigurationList section */
	};
	rootObject = 32A4F01421D9EFC10027A56C /* Project object */;
}
